
Microsoft Visual Studio Solution File, Format Version 12.00
# Visual Studio 15
VisualStudioVersion = 15.0.27703.2042
MinimumVisualStudioVersion = 10.0.40219.1
Project("{FAE04EC0-301F-11D3-BF4B-00C04F79EFBC}") = "ProyectoAula", "ProyectoAula\ProyectoAula.csproj", "{ED8ED36E-845E-4BAF-BE50-CF76C10ECEF9}"
EndProject
Global
	GlobalSection(SolutionConfigurationPlatforms) = preSolution
		Debug|Any CPU = Debug|Any CPU
		Release|Any CPU = Release|Any CPU
	EndGlobalSection
	GlobalSection(ProjectConfigurationPlatforms) = postSolution
		{ED8ED36E-845E-4BAF-BE50-CF76C10ECEF9}.Debug|Any CPU.ActiveCfg = Debug|Any CPU
		{ED8ED36E-845E-4BAF-BE50-CF76C10ECEF9}.Debug|Any CPU.Build.0 = Debug|Any CPU
		{ED8ED36E-845E-4BAF-BE50-CF76C10ECEF9}.Release|Any CPU.ActiveCfg = Release|Any CPU
		{ED8ED36E-845E-4BAF-BE50-CF76C10ECEF9}.Release|Any CPU.Build.0 = Release|Any CPU
	EndGlobalSection
	GlobalSection(SolutionProperties) = preSolution
		HideSolutionNode = FALSE
	EndGlobalSection
	GlobalSection(ExtensibilityGlobals) = postSolution
		SolutionGuid = {92414D16-C521-44B6-A8B3-E374DD2C86C3}
	EndGlobalSection
EndGlobal
